
Microsoft Visual Studio Solution File, Format Version 12.00
# Visual Studio Version 17
VisualStudioVersion = 17.5.002.0
MinimumVisualStudioVersion = 10.0.40219.1
Project("{9A19103F-16F7-4668-BE54-9A1E7A4F7556}") = "BinomialPricer", "BinomialPricer.csproj", "{516E625C-3D34-45A2-8C06-8ED12F26E440}"
EndProject
Global
	GlobalSection(SolutionConfigurationPlatforms) = preSolution
		Debug|Any CPU = Debug|Any CPU
		Release|Any CPU = Release|Any CPU
	EndGlobalSection
	GlobalSection(ProjectConfigurationPlatforms) = postSolution
		{516E625C-3D34-45A2-8C06-8ED12F26E440}.Debug|Any CPU.ActiveCfg = Debug|Any CPU
		{516E625C-3D34-45A2-8C06-8ED12F26E440}.Debug|Any CPU.Build.0 = Debug|Any CPU
		{516E625C-3D34-45A2-8C06-8ED12F26E440}.Release|Any CPU.ActiveCfg = Release|Any CPU
		{516E625C-3D34-45A2-8C06-8ED12F26E440}.Release|Any CPU.Build.0 = Release|Any CPU
	EndGlobalSection
	GlobalSection(SolutionProperties) = preSolution
		HideSolutionNode = FALSE
	EndGlobalSection
	GlobalSection(ExtensibilityGlobals) = postSolution
		SolutionGuid = {AB2285CF-1681-440B-B077-2E41E62886F3}
	EndGlobalSection
EndGlobal
